PODS:
  - Disk (0.6.3)
  - QuickTableViewController (1.1.0)
  - SnapKit (4.2.0)

DEPENDENCIES:
  - Disk (~> 0.6.3)
  - QuickTableViewController
  - SnapKit (~> 4.0)

SPEC REPOS:
  https://github.com/cocoapods/specs.git:
    - Disk
    - QuickTableViewController
    - SnapKit

SPEC CHECKSUMS:
  Disk: 76cccb6fed1c27cd661bbdea7b117d887c2f72e5
  QuickTableViewController: 129e71fc37a69991aff02bc946723d51a13d6aa5
  SnapKit: fe8a619752f3f27075cc9a90244d75c6c3f27e2a

PODFILE CHECKSUM: a92de1d89f94affa77b9aedf1ae4e12618c3bc7a

COCOAPODS: 1.6.1
